
Microsoft Visual Studio Solution File, Format Version 12.00
# Visual Studio 15
VisualStudioVersion = 15.0.28010.2050
MinimumVisualStudioVersion = 10.0.40219.1
Project("{FAE04EC0-301F-11D3-BF4B-00C04F79EFBC}") = "Se.Cint.Robot.Business", "Se.Cint.Robot.Business\Se.Cint.Robot.Business.csproj", "{8369B5F6-51E6-4AE4-A324-534970E51CE4}"
EndProject
Global
	GlobalSection(SolutionConfigurationPlatforms) = preSolution
		Debug|Any CPU = Debug|Any CPU
		Release|Any CPU = Release|Any CPU
	EndGlobalSection
	GlobalSection(ProjectConfigurationPlatforms) = postSolution
		{8369B5F6-51E6-4AE4-A324-534970E51CE4}.Debug|Any CPU.ActiveCfg = Debug|Any CPU
		{8369B5F6-51E6-4AE4-A324-534970E51CE4}.Debug|Any CPU.Build.0 = Debug|Any CPU
		{8369B5F6-51E6-4AE4-A324-534970E51CE4}.Release|Any CPU.ActiveCfg = Release|Any CPU
		{8369B5F6-51E6-4AE4-A324-534970E51CE4}.Release|Any CPU.Build.0 = Release|Any CPU
	EndGlobalSection
	GlobalSection(SolutionProperties) = preSolution
		HideSolutionNode = FALSE
	EndGlobalSection
	GlobalSection(ExtensibilityGlobals) = postSolution
		SolutionGuid = {9A06B287-BAE3-48AD-BD77-BA8D6B46504A}
	EndGlobalSection
EndGlobal
